PODS:
  - Flutter (1.0.0)
  - rust_lib_durecmix (0.0.1):
    - Flutter

DEPENDENCIES:
  - Flutter (from `Flutter`)
  - rust_lib_durecmix (from `.symlinks/plugins/rust_lib_durecmix/ios`)

EXTERNAL SOURCES:
  Flutter:
    :path: Flutter
  rust_lib_durecmix:
    :path: ".symlinks/plugins/rust_lib_durecmix/ios"

SPEC CHECKSUMS:
  Flutter: cabc95a1d2626b1b06e7179b784ebcf0c0cde467
  rust_lib_durecmix: f5f892455dfc0450e2c5563c5ae2dcb3849adae9

PODFILE CHECKSUM: e30f02f9d1c72c47bb6344a0a748c9d268180865

COCOAPODS: 1.16.2
